
Microsoft Visual Studio Solution File, Format Version 12.00
# Visual Studio 2012
Project("{FAE04EC0-301F-11D3-BF4B-00C04F79EFBC}") = "Vocabulary.Web", "Vocabulary\Vocabulary.Web.csproj", "{0276D6BE-8FA4-4D63-949B-CB6D526E8708}"
EndProject
Project("{2150E333-8FDC-42A3-9474-1A3956D46DE8}") = "Web", "Web", "{CD062903-E58D-43CE-A360-7207D26B05B4}"
EndProject
Project("{2150E333-8FDC-42A3-9474-1A3956D46DE8}") = "Data", "Data", "{7E071716-AD7F-44BD-AF93-61C579AEA903}"
EndProject
Project("{FAE04EC0-301F-11D3-BF4B-00C04F79EFBC}") = "Vocabulary.Data", "Vocabulary.Data\Vocabulary.Data.csproj", "{0F51D096-D987-43F5-973A-ED48A17A4EE7}"
EndProject
Project("{FAE04EC0-301F-11D3-BF4B-00C04F79EFBC}") = "Vocabulary.Data.Contracts", "Vocabulary.Data.Contracts\Vocabulary.Data.Contracts.csproj", "{9A911226-6CA5-4CA3-84DA-98F4FF146DF2}"
EndProject
Project("{FAE04EC0-301F-11D3-BF4B-00C04F79EFBC}") = "Vocabulary.Data.Entities", "Vocabulary.Data.Entities\Vocabulary.Data.Entities.csproj", "{CA1CA5D0-A2EF-4F04-AAB0-E07CFC1B6230}"
EndProject
Global
	GlobalSection(SolutionConfigurationPlatforms) = preSolution
		Debug|Any CPU = Debug|Any CPU
		Release|Any CPU = Release|Any CPU
	EndGlobalSection
	GlobalSection(ProjectConfigurationPlatforms) = postSolution
		{0276D6BE-8FA4-4D63-949B-CB6D526E8708}.Debug|Any CPU.ActiveCfg = Debug|Any CPU
		{0276D6BE-8FA4-4D63-949B-CB6D526E8708}.Debug|Any CPU.Build.0 = Debug|Any CPU
		{0276D6BE-8FA4-4D63-949B-CB6D526E8708}.Release|Any CPU.ActiveCfg = Release|Any CPU
		{0276D6BE-8FA4-4D63-949B-CB6D526E8708}.Release|Any CPU.Build.0 = Release|Any CPU
		{0F51D096-D987-43F5-973A-ED48A17A4EE7}.Debug|Any CPU.ActiveCfg = Debug|Any CPU
		{0F51D096-D987-43F5-973A-ED48A17A4EE7}.Debug|Any CPU.Build.0 = Debug|Any CPU
		{0F51D096-D987-43F5-973A-ED48A17A4EE7}.Release|Any CPU.ActiveCfg = Release|Any CPU
		{0F51D096-D987-43F5-973A-ED48A17A4EE7}.Release|Any CPU.Build.0 = Release|Any CPU
		{9A911226-6CA5-4CA3-84DA-98F4FF146DF2}.Debug|Any CPU.ActiveCfg = Debug|Any CPU
		{9A911226-6CA5-4CA3-84DA-98F4FF146DF2}.Debug|Any CPU.Build.0 = Debug|Any CPU
		{9A911226-6CA5-4CA3-84DA-98F4FF146DF2}.Release|Any CPU.ActiveCfg = Release|Any CPU
		{9A911226-6CA5-4CA3-84DA-98F4FF146DF2}.Release|Any CPU.Build.0 = Release|Any CPU
		{CA1CA5D0-A2EF-4F04-AAB0-E07CFC1B6230}.Debug|Any CPU.ActiveCfg = Debug|Any CPU
		{CA1CA5D0-A2EF-4F04-AAB0-E07CFC1B6230}.Debug|Any CPU.Build.0 = Debug|Any CPU
		{CA1CA5D0-A2EF-4F04-AAB0-E07CFC1B6230}.Release|Any CPU.ActiveCfg = Release|Any CPU
		{CA1CA5D0-A2EF-4F04-AAB0-E07CFC1B6230}.Release|Any CPU.Build.0 = Release|Any CPU
	EndGlobalSection
	GlobalSection(SolutionProperties) = preSolution
		HideSolutionNode = FALSE
	EndGlobalSection
	GlobalSection(NestedProjects) = preSolution
		{0276D6BE-8FA4-4D63-949B-CB6D526E8708} = {CD062903-E58D-43CE-A360-7207D26B05B4}
		{0F51D096-D987-43F5-973A-ED48A17A4EE7} = {7E071716-AD7F-44BD-AF93-61C579AEA903}
		{9A911226-6CA5-4CA3-84DA-98F4FF146DF2} = {7E071716-AD7F-44BD-AF93-61C579AEA903}
		{CA1CA5D0-A2EF-4F04-AAB0-E07CFC1B6230} = {7E071716-AD7F-44BD-AF93-61C579AEA903}
	EndGlobalSection
EndGlobal
